
Microsoft Visual Studio Solution File, Format Version 12.00
# Visual Studio Version 17
VisualStudioVersion = 17.2.32526.322
MinimumVisualStudioVersion = 10.0.40219.1
Project("{FAE04EC0-301F-11D3-BF4B-00C04F79EFBC}") = "exercicio5_avaliacao_lp", "exercicio5_avaliacao_lp\exercicio5_avaliacao_lp.csproj", "{D22AD103-6E3B-4342-AC1B-EC75733B47EB}"
EndProject
Global
	GlobalSection(SolutionConfigurationPlatforms) = preSolution
		Debug|Any CPU = Debug|Any CPU
		Release|Any CPU = Release|Any CPU
	EndGlobalSection
	GlobalSection(ProjectConfigurationPlatforms) = postSolution
		{D22AD103-6E3B-4342-AC1B-EC75733B47EB}.Debug|Any CPU.ActiveCfg = Debug|Any CPU
		{D22AD103-6E3B-4342-AC1B-EC75733B47EB}.Debug|Any CPU.Build.0 = Debug|Any CPU
		{D22AD103-6E3B-4342-AC1B-EC75733B47EB}.Release|Any CPU.ActiveCfg = Release|Any CPU
		{D22AD103-6E3B-4342-AC1B-EC75733B47EB}.Release|Any CPU.Build.0 = Release|Any CPU
	EndGlobalSection
	GlobalSection(SolutionProperties) = preSolution
		HideSolutionNode = FALSE
	EndGlobalSection
	GlobalSection(ExtensibilityGlobals) = postSolution
		SolutionGuid = {23F4829A-CD84-4ADB-99C2-FF493E5BAFC9}
	EndGlobalSection
EndGlobal
